
Microsoft Visual Studio Solution File, Format Version 12.00
# Visual Studio 15
VisualStudioVersion = 15.0.28307.136
MinimumVisualStudioVersion = 10.0.40219.1
Project("{F2A71F9B-5D33-465A-A702-920D77279786}") = "Lesson 10 Shaping Data with Records", "Lesson 10 Shaping Data with Records\Lesson 10 Shaping Data with Records.fsproj", "{0B327DDA-1EA0-4864-A9D6-2D53F7DE153D}"
EndProject
Global
	GlobalSection(SolutionConfigurationPlatforms) = preSolution
		Debug|Any CPU = Debug|Any CPU
		Release|Any CPU = Release|Any CPU
	EndGlobalSection
	GlobalSection(ProjectConfigurationPlatforms) = postSolution
		{0B327DDA-1EA0-4864-A9D6-2D53F7DE153D}.Debug|Any CPU.ActiveCfg = Debug|Any CPU
		{0B327DDA-1EA0-4864-A9D6-2D53F7DE153D}.Debug|Any CPU.Build.0 = Debug|Any CPU
		{0B327DDA-1EA0-4864-A9D6-2D53F7DE153D}.Release|Any CPU.ActiveCfg = Release|Any CPU
		{0B327DDA-1EA0-4864-A9D6-2D53F7DE153D}.Release|Any CPU.Build.0 = Release|Any CPU
	EndGlobalSection
	GlobalSection(SolutionProperties) = preSolution
		HideSolutionNode = FALSE
	EndGlobalSection
	GlobalSection(ExtensibilityGlobals) = postSolution
		SolutionGuid = {AAFA66E8-DAA0-4DEB-A0BE-A0856969426F}
	EndGlobalSection
EndGlobal
