
Microsoft Visual Studio Solution File, Format Version 12.00
# Visual Studio 15
VisualStudioVersion = 15.0.28010.2026
MinimumVisualStudioVersion = 10.0.40219.1
Project("{F2A71F9B-5D33-465A-A702-920D77279786}") = "SimpleFunctions", "SimpleFunctions\SimpleFunctions.fsproj", "{BE84DB3C-9CC0-4C70-81D2-63864677A601}"
EndProject
Global
	GlobalSection(SolutionConfigurationPlatforms) = preSolution
		Debug|Any CPU = Debug|Any CPU
		Release|Any CPU = Release|Any CPU
	EndGlobalSection
	GlobalSection(ProjectConfigurationPlatforms) = postSolution
		{BE84DB3C-9CC0-4C70-81D2-63864677A601}.Debug|Any CPU.ActiveCfg = Debug|Any CPU
		{BE84DB3C-9CC0-4C70-81D2-63864677A601}.Debug|Any CPU.Build.0 = Debug|Any CPU
		{BE84DB3C-9CC0-4C70-81D2-63864677A601}.Release|Any CPU.ActiveCfg = Release|Any CPU
		{BE84DB3C-9CC0-4C70-81D2-63864677A601}.Release|Any CPU.Build.0 = Release|Any CPU
	EndGlobalSection
	GlobalSection(SolutionProperties) = preSolution
		HideSolutionNode = FALSE
	EndGlobalSection
	GlobalSection(ExtensibilityGlobals) = postSolution
		SolutionGuid = {69DA9E0C-B458-4EFE-9342-9062934AAB2A}
	EndGlobalSection
EndGlobal
