
Microsoft Visual Studio Solution File, Format Version 12.00
# Visual Studio 15
VisualStudioVersion = 15.0.28010.2026
MinimumVisualStudioVersion = 10.0.40219.1
Project("{F2A71F9B-5D33-465A-A702-920D77279786}") = "TypesAndTuples", "TypesAndTuples\TypesAndTuples.fsproj", "{445DDE0A-5842-4BD1-A762-6B5E518FC233}"
EndProject
Global
	GlobalSection(SolutionConfigurationPlatforms) = preSolution
		Debug|Any CPU = Debug|Any CPU
		Release|Any CPU = Release|Any CPU
	EndGlobalSection
	GlobalSection(ProjectConfigurationPlatforms) = postSolution
		{445DDE0A-5842-4BD1-A762-6B5E518FC233}.Debug|Any CPU.ActiveCfg = Debug|Any CPU
		{445DDE0A-5842-4BD1-A762-6B5E518FC233}.Debug|Any CPU.Build.0 = Debug|Any CPU
		{445DDE0A-5842-4BD1-A762-6B5E518FC233}.Release|Any CPU.ActiveCfg = Release|Any CPU
		{445DDE0A-5842-4BD1-A762-6B5E518FC233}.Release|Any CPU.Build.0 = Release|Any CPU
	EndGlobalSection
	GlobalSection(SolutionProperties) = preSolution
		HideSolutionNode = FALSE
	EndGlobalSection
	GlobalSection(ExtensibilityGlobals) = postSolution
		SolutionGuid = {04E7CF0F-227E-4AB5-935D-4A9711266D69}
	EndGlobalSection
EndGlobal
