
Microsoft Visual Studio Solution File, Format Version 12.00
# Visual Studio 15
VisualStudioVersion = 15.0.28307.421
MinimumVisualStudioVersion = 10.0.40219.1
Project("{F2A71F9B-5D33-465A-A702-920D77279786}") = "Lesson 36 Asynchronous Workflows", "Lesson 36 Asynchronous Workflows\Lesson 36 Asynchronous Workflows.fsproj", "{DF9CFB3A-380F-4474-888A-C23B7FB0DEAB}"
EndProject
Global
	GlobalSection(SolutionConfigurationPlatforms) = preSolution
		Debug|Any CPU = Debug|Any CPU
		Release|Any CPU = Release|Any CPU
	EndGlobalSection
	GlobalSection(ProjectConfigurationPlatforms) = postSolution
		{DF9CFB3A-380F-4474-888A-C23B7FB0DEAB}.Debug|Any CPU.ActiveCfg = Debug|Any CPU
		{DF9CFB3A-380F-4474-888A-C23B7FB0DEAB}.Debug|Any CPU.Build.0 = Debug|Any CPU
		{DF9CFB3A-380F-4474-888A-C23B7FB0DEAB}.Release|Any CPU.ActiveCfg = Release|Any CPU
		{DF9CFB3A-380F-4474-888A-C23B7FB0DEAB}.Release|Any CPU.Build.0 = Release|Any CPU
	EndGlobalSection
	GlobalSection(SolutionProperties) = preSolution
		HideSolutionNode = FALSE
	EndGlobalSection
	GlobalSection(ExtensibilityGlobals) = postSolution
		SolutionGuid = {9A3747B3-CF08-4356-BCC3-534E7831DE9D}
	EndGlobalSection
EndGlobal
