
Microsoft Visual Studio Solution File, Format Version 12.00
# Visual Studio 15
VisualStudioVersion = 15.0.28010.2041
MinimumVisualStudioVersion = 10.0.40219.1
Project("{F2A71F9B-5D33-465A-A702-920D77279786}") = "NamespacesAndDomains", "NamespacesAndDomains\NamespacesAndDomains.fsproj", "{DA54BB8A-1FC2-4D53-AE02-916553679CEA}"
EndProject
Global
	GlobalSection(SolutionConfigurationPlatforms) = preSolution
		Debug|Any CPU = Debug|Any CPU
		Release|Any CPU = Release|Any CPU
	EndGlobalSection
	GlobalSection(ProjectConfigurationPlatforms) = postSolution
		{DA54BB8A-1FC2-4D53-AE02-916553679CEA}.Debug|Any CPU.ActiveCfg = Debug|Any CPU
		{DA54BB8A-1FC2-4D53-AE02-916553679CEA}.Debug|Any CPU.Build.0 = Debug|Any CPU
		{DA54BB8A-1FC2-4D53-AE02-916553679CEA}.Release|Any CPU.ActiveCfg = Release|Any CPU
		{DA54BB8A-1FC2-4D53-AE02-916553679CEA}.Release|Any CPU.Build.0 = Release|Any CPU
	EndGlobalSection
	GlobalSection(SolutionProperties) = preSolution
		HideSolutionNode = FALSE
	EndGlobalSection
	GlobalSection(ExtensibilityGlobals) = postSolution
		SolutionGuid = {22B6155F-6943-4842-8966-975030BD1D3A}
	EndGlobalSection
EndGlobal
