
Microsoft Visual Studio Solution File, Format Version 12.00
# Visual Studio 15
VisualStudioVersion = 15.0.28307.168
MinimumVisualStudioVersion = 10.0.40219.1
Project("{F2A71F9B-5D33-465A-A702-920D77279786}") = "Lesson 16 Useful Collection Functions", "Lesson 16 Useful Collection Functions\Lesson 16 Useful Collection Functions.fsproj", "{AE606A4A-AB81-4467-9D59-1F46374246D0}"
EndProject
Global
	GlobalSection(SolutionConfigurationPlatforms) = preSolution
		Debug|Any CPU = Debug|Any CPU
		Release|Any CPU = Release|Any CPU
	EndGlobalSection
	GlobalSection(ProjectConfigurationPlatforms) = postSolution
		{AE606A4A-AB81-4467-9D59-1F46374246D0}.Debug|Any CPU.ActiveCfg = Debug|Any CPU
		{AE606A4A-AB81-4467-9D59-1F46374246D0}.Debug|Any CPU.Build.0 = Debug|Any CPU
		{AE606A4A-AB81-4467-9D59-1F46374246D0}.Release|Any CPU.ActiveCfg = Release|Any CPU
		{AE606A4A-AB81-4467-9D59-1F46374246D0}.Release|Any CPU.Build.0 = Release|Any CPU
	EndGlobalSection
	GlobalSection(SolutionProperties) = preSolution
		HideSolutionNode = FALSE
	EndGlobalSection
	GlobalSection(ExtensibilityGlobals) = postSolution
		SolutionGuid = {28B211EC-5951-4D68-BCD5-B326B4617448}
	EndGlobalSection
EndGlobal
