
Microsoft Visual Studio Solution File, Format Version 12.00
# Visual Studio 15
VisualStudioVersion = 15.0.28307.421
MinimumVisualStudioVersion = 10.0.40219.1
Project("{F2A71F9B-5D33-465A-A702-920D77279786}") = "Lesson 38 Consuming HTTP data", "Lesson 38 Consuming HTTP data\Lesson 38 Consuming HTTP data.fsproj", "{6CB452C7-23A2-4DF0-8E7E-F0C948D3388D}"
EndProject
Global
	GlobalSection(SolutionConfigurationPlatforms) = preSolution
		Debug|Any CPU = Debug|Any CPU
		Release|Any CPU = Release|Any CPU
	EndGlobalSection
	GlobalSection(ProjectConfigurationPlatforms) = postSolution
		{6CB452C7-23A2-4DF0-8E7E-F0C948D3388D}.Debug|Any CPU.ActiveCfg = Debug|Any CPU
		{6CB452C7-23A2-4DF0-8E7E-F0C948D3388D}.Debug|Any CPU.Build.0 = Debug|Any CPU
		{6CB452C7-23A2-4DF0-8E7E-F0C948D3388D}.Release|Any CPU.ActiveCfg = Release|Any CPU
		{6CB452C7-23A2-4DF0-8E7E-F0C948D3388D}.Release|Any CPU.Build.0 = Release|Any CPU
	EndGlobalSection
	GlobalSection(SolutionProperties) = preSolution
		HideSolutionNode = FALSE
	EndGlobalSection
	GlobalSection(ExtensibilityGlobals) = postSolution
		SolutionGuid = {74812A87-C084-4D77-BF10-3907705DCEC2}
	EndGlobalSection
EndGlobal
