
Microsoft Visual Studio Solution File, Format Version 12.00
# Visual Studio 15
VisualStudioVersion = 15.0.28307.421
MinimumVisualStudioVersion = 10.0.40219.1
Project("{F2A71F9B-5D33-465A-A702-920D77279786}") = "Lesson 37 Exposing Data Over HTTP", "Lesson 37 Exposing Data Over HTTP\Lesson 37 Exposing Data Over HTTP.fsproj", "{0A107872-C184-40E1-9929-1FDE1C311479}"
EndProject
Global
	GlobalSection(SolutionConfigurationPlatforms) = preSolution
		Debug|Any CPU = Debug|Any CPU
		Release|Any CPU = Release|Any CPU
	EndGlobalSection
	GlobalSection(ProjectConfigurationPlatforms) = postSolution
		{0A107872-C184-40E1-9929-1FDE1C311479}.Debug|Any CPU.ActiveCfg = Debug|Any CPU
		{0A107872-C184-40E1-9929-1FDE1C311479}.Debug|Any CPU.Build.0 = Debug|Any CPU
		{0A107872-C184-40E1-9929-1FDE1C311479}.Release|Any CPU.ActiveCfg = Release|Any CPU
		{0A107872-C184-40E1-9929-1FDE1C311479}.Release|Any CPU.Build.0 = Release|Any CPU
	EndGlobalSection
	GlobalSection(SolutionProperties) = preSolution
		HideSolutionNode = FALSE
	EndGlobalSection
	GlobalSection(ExtensibilityGlobals) = postSolution
		SolutionGuid = {BDC63351-8672-4CA8-95BE-14661AD63837}
	EndGlobalSection
EndGlobal
