
Microsoft Visual Studio Solution File, Format Version 12.00
# Visual Studio 15
VisualStudioVersion = 15.0.28307.136
MinimumVisualStudioVersion = 10.0.40219.1
Project("{F2A71F9B-5D33-465A-A702-920D77279786}") = "Lesson 12 Organizing Code without Classes", "Lesson 12 Organizing Code without Classes\Lesson 12 Organizing Code without Classes.fsproj", "{1EF4805A-F201-4473-AFBB-9D8FFC9EBDF3}"
EndProject
Project("{F2A71F9B-5D33-465A-A702-920D77279786}") = "SomeAPI", "SomeAPI\SomeAPI.fsproj", "{88A30FBF-ABA6-43A2-A8AA-D4B4B1AD581D}"
EndProject
Global
	GlobalSection(SolutionConfigurationPlatforms) = preSolution
		Debug|Any CPU = Debug|Any CPU
		Release|Any CPU = Release|Any CPU
	EndGlobalSection
	GlobalSection(ProjectConfigurationPlatforms) = postSolution
		{1EF4805A-F201-4473-AFBB-9D8FFC9EBDF3}.Debug|Any CPU.ActiveCfg = Debug|Any CPU
		{1EF4805A-F201-4473-AFBB-9D8FFC9EBDF3}.Debug|Any CPU.Build.0 = Debug|Any CPU
		{1EF4805A-F201-4473-AFBB-9D8FFC9EBDF3}.Release|Any CPU.ActiveCfg = Release|Any CPU
		{1EF4805A-F201-4473-AFBB-9D8FFC9EBDF3}.Release|Any CPU.Build.0 = Release|Any CPU
		{88A30FBF-ABA6-43A2-A8AA-D4B4B1AD581D}.Debug|Any CPU.ActiveCfg = Debug|Any CPU
		{88A30FBF-ABA6-43A2-A8AA-D4B4B1AD581D}.Debug|Any CPU.Build.0 = Debug|Any CPU
		{88A30FBF-ABA6-43A2-A8AA-D4B4B1AD581D}.Release|Any CPU.ActiveCfg = Release|Any CPU
		{88A30FBF-ABA6-43A2-A8AA-D4B4B1AD581D}.Release|Any CPU.Build.0 = Release|Any CPU
	EndGlobalSection
	GlobalSection(SolutionProperties) = preSolution
		HideSolutionNode = FALSE
	EndGlobalSection
	GlobalSection(ExtensibilityGlobals) = postSolution
		SolutionGuid = {73A3889A-572A-42FF-B492-C64A5E3D26ED}
	EndGlobalSection
EndGlobal
