
Microsoft Visual Studio Solution File, Format Version 12.00
# Visual Studio 15
VisualStudioVersion = 15.0.28307.136
MinimumVisualStudioVersion = 10.0.40219.1
Project("{F2A71F9B-5D33-465A-A702-920D77279786}") = "Lesson 9 Shaping Data with Tuples", "Lesson 9 Shaping Data with Tuples\Lesson 9 Shaping Data with Tuples.fsproj", "{D582C574-51F4-4DE4-A92B-FA5DCDB0DF99}"
EndProject
Global
	GlobalSection(SolutionConfigurationPlatforms) = preSolution
		Debug|Any CPU = Debug|Any CPU
		Release|Any CPU = Release|Any CPU
	EndGlobalSection
	GlobalSection(ProjectConfigurationPlatforms) = postSolution
		{D582C574-51F4-4DE4-A92B-FA5DCDB0DF99}.Debug|Any CPU.ActiveCfg = Debug|Any CPU
		{D582C574-51F4-4DE4-A92B-FA5DCDB0DF99}.Debug|Any CPU.Build.0 = Debug|Any CPU
		{D582C574-51F4-4DE4-A92B-FA5DCDB0DF99}.Release|Any CPU.ActiveCfg = Release|Any CPU
		{D582C574-51F4-4DE4-A92B-FA5DCDB0DF99}.Release|Any CPU.Build.0 = Release|Any CPU
	EndGlobalSection
	GlobalSection(SolutionProperties) = preSolution
		HideSolutionNode = FALSE
	EndGlobalSection
	GlobalSection(ExtensibilityGlobals) = postSolution
		SolutionGuid = {E985E640-BD58-4C6E-B6D4-C115CFF47F92}
	EndGlobalSection
EndGlobal
